
Microsoft Visual Studio Solution File, Format Version 12.00
# Visual Studio Version 17
VisualStudioVersion = 17.14.36414.22 d17.14
MinimumVisualStudioVersion = 10.0.40219.1
Project("{FAE04EC0-301F-11D3-BF4B-00C04F79EFBC}") = "Parcial1", "Parcial1\Parcial1.csproj", "{3E39DD5F-1327-4B0C-8BB9-3ACEA6D9D7EE}"
EndProject
Global
	GlobalSection(SolutionConfigurationPlatforms) = preSolution
		Debug|Any CPU = Debug|Any CPU
		Release|Any CPU = Release|Any CPU
	EndGlobalSection
	GlobalSection(ProjectConfigurationPlatforms) = postSolution
		{3E39DD5F-1327-4B0C-8BB9-3ACEA6D9D7EE}.Debug|Any CPU.ActiveCfg = Debug|Any CPU
		{3E39DD5F-1327-4B0C-8BB9-3ACEA6D9D7EE}.Debug|Any CPU.Build.0 = Debug|Any CPU
		{3E39DD5F-1327-4B0C-8BB9-3ACEA6D9D7EE}.Release|Any CPU.ActiveCfg = Release|Any CPU
		{3E39DD5F-1327-4B0C-8BB9-3ACEA6D9D7EE}.Release|Any CPU.Build.0 = Release|Any CPU
	EndGlobalSection
	GlobalSection(SolutionProperties) = preSolution
		HideSolutionNode = FALSE
	EndGlobalSection
	GlobalSection(ExtensibilityGlobals) = postSolution
		SolutionGuid = {36CF697A-7541-4B97-AC4B-9D1DE5DB4C15}
	EndGlobalSection
EndGlobal
